
Microsoft Visual Studio Solution File, Format Version 12.00
# Visual Studio Version 16
VisualStudioVersion = 16.0.37027.11
MinimumVisualStudioVersion = 10.0.40219.1
Project("{FAE04EC0-301F-11D3-BF4B-00C04F79EFBC}") = "LittleBigPlanet Mod Compiler", "ModernDesign\LittleBigPlanet Mod Compiler.csproj", "{8C0BD198-DF9D-40F3-8C42-B8714FC06F9A}"
EndProject
Global
	GlobalSection(SolutionConfigurationPlatforms) = preSolution
		Debug|Any CPU = Debug|Any CPU
		Release|Any CPU = Release|Any CPU
	EndGlobalSection
	GlobalSection(ProjectConfigurationPlatforms) = postSolution
		{8C0BD198-DF9D-40F3-8C42-B8714FC06F9A}.Debug|Any CPU.ActiveCfg = Debug|Any CPU
		{8C0BD198-DF9D-40F3-8C42-B8714FC06F9A}.Debug|Any CPU.Build.0 = Debug|Any CPU
		{8C0BD198-DF9D-40F3-8C42-B8714FC06F9A}.Release|Any CPU.ActiveCfg = Release|Any CPU
		{8C0BD198-DF9D-40F3-8C42-B8714FC06F9A}.Release|Any CPU.Build.0 = Release|Any CPU
	EndGlobalSection
	GlobalSection(SolutionProperties) = preSolution
		HideSolutionNode = FALSE
	EndGlobalSection
	GlobalSection(ExtensibilityGlobals) = postSolution
		SolutionGuid = {DC5E55D7-B5F2-4185-8A27-48F19CFA9A5B}
	EndGlobalSection
EndGlobal
